// !$*UTF8*$!
{
	archiveVersion = 1;
	classes = {
	};
	objectVersion = 51;
	objects = {

/* Begin PBXBuildFile section */
		9BA537C037FB74DE613A75EB /* Pods_News.framework in Frameworks */ = {isa = PBXBuildFile; fileRef = 34C990F67A55C00E5AF8AA12 /* Pods_News.framework */; };
		FB3A501D24D5819000FA698C /* CustomCollectionViewCell.swift in Sources */ = {isa = PBXBuildFile; fileRef = FB3A501C24D5819000FA698C /* CustomCollectionViewCell.swift */; };
		FB9C9C2A24D5E20500C26DC1 /* User.swift in Sources */ = {isa = PBXBuildFile; fileRef = FB9C9C2924D5E20500C26DC1 /* User.swift */; };
		FBA3BB3624D854B3006A7445 /* UIColorExtension.swift in Sources */ = {isa = PBXBuildFile; fileRef = FBA3BB3524D854B3006A7445 /* UIColorExtension.swift */; };
		FBDD85D324D74AF7003EABAA /* NewsDetailViewController.swift in Sources */ = {isa = PBXBuildFile; fileRef = FBDD85D224D74AF7003EABAA /* NewsDetailViewController.swift */; };
		FBEC080724D544890044474C /* AppDelegate.swift in Sources */ = {isa = PBXBuildFile; fileRef = FBEC080624D544890044474C /* AppDelegate.swift */; };
		FBEC080924D544890044474C /* SceneDelegate.swift in Sources */ = {isa = PBXBuildFile; fileRef = FBEC080824D544890044474C /* SceneDelegate.swift */; };
		FBEC080E24D544890044474C /* Main.storyboard in Resources */ = {isa = PBXBuildFile; fileRef = FBEC080C24D544890044474C /* Main.storyboard */; };
		FBEC081024D5448C0044474C /* Assets.xcassets in Resources */ = {isa = PBXBuildFile; fileRef = FBEC080F24D5448C0044474C /* Assets.xcassets */; };
		FBEC081324D5448C0044474C /* LaunchScreen.storyboard in Resources */ = {isa = PBXBuildFile; fileRef = FBEC081124D5448C0044474C /* LaunchScreen.storyboard */; };
		FBEC081E24D5477C0044474C /* NewsData.swift in Sources */ = {isa = PBXBuildFile; fileRef = FBEC081D24D5477C0044474C /* NewsData.swift */; };
		FBEC082E24D54A2C0044474C /* NewsManager.swift in Sources */ = {isa = PBXBuildFile; fileRef = FBEC082D24D54A2C0044474C /* NewsManager.swift */; };
		FBEC083724D576600044474C /* HomeViewController.swift in Sources */ = {isa = PBXBuildFile; fileRef = FBEC083624D576600044474C /* HomeViewController.swift */; };
/* End PBXBuildFile section */

/* Begin PBXFileReference section */
		20770C57C0EAE22861E01DA3 /* Pods-News.debug.xcconfig */ = {isa = PBXFileReference; includeInIndex = 1; lastKnownFileType = text.xcconfig; name = "Pods-News.debug.xcconfig"; path = "Target Support Files/Pods-News/Pods-News.debug.xcconfig"; sourceTree = "<group>"; };
		34C990F67A55C00E5AF8AA12 /* Pods_News.framework */ = {isa = PBXFileReference; explicitFileType = wrapper.framework; includeInIndex = 0; path = Pods_News.framework; sourceTree = BUILT_PRODUCTS_DIR; };
		D81AA75E320301BD84AABC53 /* Pods-News.release.xcconfig */ = {isa = PBXFileReference; includeInIndex = 1; lastKnownFileType = text.xcconfig; name = "Pods-News.release.xcconfig"; path = "Target Support Files/Pods-News/Pods-News.release.xcconfig"; sourceTree = "<group>"; };
		FB3A501C24D5819000FA698C /* CustomCollectionViewCell.swift */ = {isa = PBXFileReference; lastKnownFileType = sourcecode.swift; path = CustomCollectionViewCell.swift; sourceTree = "<group>"; };
		FB8152A424D838DB008AE15C /* FontsFree-Net-SFProDisplay-Heavy.ttf */ = {isa = PBXFileReference; lastKnownFileType = file; path = "FontsFree-Net-SFProDisplay-Heavy.ttf"; sourceTree = "<group>"; };
		FB8152A524D8398D008AE15C /* FontsFree-Net-SFProDisplay-Regular.ttf */ = {isa = PBXFileReference; lastKnownFileType = file; path = "FontsFree-Net-SFProDisplay-Regular.ttf"; sourceTree = "<group>"; };
		FB9C9C2724D5CC8600C26DC1 /* FontsFree-Net-SFProText-Regular.ttf */ = {isa = PBXFileReference; lastKnownFileType = file; path = "FontsFree-Net-SFProText-Regular.ttf"; sourceTree = "<group>"; };
		FB9C9C2824D5CD5C00C26DC1 /* FontsFree-Net-SFProText-Medium.ttf */ = {isa = PBXFileReference; lastKnownFileType = file; path = "FontsFree-Net-SFProText-Medium.ttf"; sourceTree = "<group>"; };
		FB9C9C2924D5E20500C26DC1 /* User.swift */ = {isa = PBXFileReference; lastKnownFileType = sourcecode.swift; path = User.swift; sourceTree = "<group>"; };
		FBA3BB3524D854B3006A7445 /* UIColorExtension.swift */ = {isa = PBXFileReference; lastKnownFileType = sourcecode.swift; path = UIColorExtension.swift; sourceTree = "<group>"; };
		FBDD85D224D74AF7003EABAA /* NewsDetailViewController.swift */ = {isa = PBXFileReference; lastKnownFileType = sourcecode.swift; path = NewsDetailViewController.swift; sourceTree = "<group>"; };
		FBEC080324D544890044474C /* News.app */ = {isa = PBXFileReference; explicitFileType = wrapper.application; includeInIndex = 0; path = News.app; sourceTree = BUILT_PRODUCTS_DIR; };
		FBEC080624D544890044474C /* AppDelegate.swift */ = {isa = PBXFileReference; lastKnownFileType = sourcecode.swift; path = AppDelegate.swift; sourceTree = "<group>"; };
		FBEC080824D544890044474C /* SceneDelegate.swift */ = {isa = PBXFileReference; lastKnownFileType = sourcecode.swift; path = SceneDelegate.swift; sourceTree = "<group>"; };
		FBEC080D24D544890044474C /* Base */ = {isa = PBXFileReference; lastKnownFileType = file.storyboard; name = Base; path = Base.lproj/Main.storyboard; sourceTree = "<group>"; };
		FBEC080F24D5448C0044474C /* Assets.xcassets */ = {isa = PBXFileReference; lastKnownFileType = folder.assetcatalog; path = Assets.xcassets; sourceTree = "<group>"; };
		FBEC081224D5448C0044474C /* Base */ = {isa = PBXFileReference; lastKnownFileType = file.storyboard; name = Base; path = Base.lproj/LaunchScreen.storyboard; sourceTree = "<group>"; };
		FBEC081424D5448C0044474C /* Info.plist */ = {isa = PBXFileReference; lastKnownFileType = text.plist.xml; path = Info.plist; sourceTree = "<group>"; };
		FBEC081D24D5477C0044474C /* NewsData.swift */ = {isa = PBXFileReference; lastKnownFileType = sourcecode.swift; path = NewsData.swift; sourceTree = "<group>"; };
		FBEC082D24D54A2C0044474C /* NewsManager.swift */ = {isa = PBXFileReference; lastKnownFileType = sourcecode.swift; path = NewsManager.swift; sourceTree = "<group>"; };
		FBEC083624D576600044474C /* HomeViewController.swift */ = {isa = PBXFileReference; lastKnownFileType = sourcecode.swift; path = HomeViewController.swift; sourceTree = "<group>"; };
/* End PBXFileReference section */

/* Begin PBXFrameworksBuildPhase section */
		FBEC080024D544890044474C /* Frameworks */ = {
			isa = PBXFrameworksBuildPhase;
			buildActionMask = 2147483647;
			files = (
				9BA537C037FB74DE613A75EB /* Pods_News.framework in Frameworks */,
			);
			runOnlyForDeploymentPostprocessing = 0;
		};
/* End PBXFrameworksBuildPhase section */

/* Begin PBXGroup section */
		90E63A680B0CFC4429AF355C /* Frameworks */ = {
			isa = PBXGroup;
			children = (
				34C990F67A55C00E5AF8AA12 /* Pods_News.framework */,
			);
			name = Frameworks;
			sourceTree = "<group>";
		};
		AFBD29B74442F556951C05A0 /* Pods */ = {
			isa = PBXGroup;
			children = (
				20770C57C0EAE22861E01DA3 /* Pods-News.debug.xcconfig */,
				D81AA75E320301BD84AABC53 /* Pods-News.release.xcconfig */,
			);
			path = Pods;
			sourceTree = "<group>";
		};
		FB8152A624D83DFF008AE15C /* Custom Collection */ = {
			isa = PBXGroup;
			children = (
				FB3A501C24D5819000FA698C /* CustomCollectionViewCell.swift */,
			);
			path = "Custom Collection";
			sourceTree = "<group>";
		};
		FB9C9C2624D5CC7B00C26DC1 /* Font */ = {
			isa = PBXGroup;
			children = (
				FB8152A524D8398D008AE15C /* FontsFree-Net-SFProDisplay-Regular.ttf */,
				FB8152A424D838DB008AE15C /* FontsFree-Net-SFProDisplay-Heavy.ttf */,
				FB9C9C2824D5CD5C00C26DC1 /* FontsFree-Net-SFProText-Medium.ttf */,
				FB9C9C2724D5CC8600C26DC1 /* FontsFree-Net-SFProText-Regular.ttf */,
			);
			path = Font;
			sourceTree = "<group>";
		};
		FBA3BB3424D8549C006A7445 /* Extension */ = {
			isa = PBXGroup;
			children = (
				FBA3BB3524D854B3006A7445 /* UIColorExtension.swift */,
			);
			path = Extension;
			sourceTree = "<group>";
		};
		FBEC07FA24D544880044474C = {
			isa = PBXGroup;
			children = (
				FBEC080524D544890044474C /* News */,
				FBEC080424D544890044474C /* Products */,
				AFBD29B74442F556951C05A0 /* Pods */,
				90E63A680B0CFC4429AF355C /* Frameworks */,
			);
			sourceTree = "<group>";
		};
		FBEC080424D544890044474C /* Products */ = {
			isa = PBXGroup;
			children = (
				FBEC080324D544890044474C /* News.app */,
			);
			name = Products;
			sourceTree = "<group>";
		};
		FBEC080524D544890044474C /* News */ = {
			isa = PBXGroup;
			children = (
				FBA3BB3424D8549C006A7445 /* Extension */,
				FBEC081C24D544E60044474C /* Controller */,
				FBEC081B24D544E20044474C /* Model */,
				FBEC081A24D544DB0044474C /* View */,
				FBEC080624D544890044474C /* AppDelegate.swift */,
				FBEC080824D544890044474C /* SceneDelegate.swift */,
				FBEC080F24D5448C0044474C /* Assets.xcassets */,
				FBEC081424D5448C0044474C /* Info.plist */,
				FB9C9C2624D5CC7B00C26DC1 /* Font */,
			);
			path = News;
			sourceTree = "<group>";
		};
		FBEC081A24D544DB0044474C /* View */ = {
			isa = PBXGroup;
			children = (
				FBEC081124D5448C0044474C /* LaunchScreen.storyboard */,
				FBEC080C24D544890044474C /* Main.storyboard */,
			);
			path = View;
			sourceTree = "<group>";
		};
		FBEC081B24D544E20044474C /* Model */ = {
			isa = PBXGroup;
			children = (
				FBEC081D24D5477C0044474C /* NewsData.swift */,
				FBEC082D24D54A2C0044474C /* NewsManager.swift */,
				FB9C9C2924D5E20500C26DC1 /* User.swift */,
			);
			path = Model;
			sourceTree = "<group>";
		};
		FBEC081C24D544E60044474C /* Controller */ = {
			isa = PBXGroup;
			children = (
				FB8152A624D83DFF008AE15C /* Custom Collection */,
				FBEC083624D576600044474C /* HomeViewController.swift */,
				FBDD85D224D74AF7003EABAA /* NewsDetailViewController.swift */,
			);
			path = Controller;
			sourceTree = "<group>";
		};
/* End PBXGroup section */

/* Begin PBXNativeTarget section */
		FBEC080224D544890044474C /* News */ = {
			isa = PBXNativeTarget;
			buildConfigurationList = FBEC081724D5448C0044474C /* Build configuration list for PBXNativeTarget "News" */;
			buildPhases = (
				679DD406084D1F90E1B2755C /* [CP] Check Pods Manifest.lock */,
				FBEC07FF24D544890044474C /* Sources */,
				FBEC080024D544890044474C /* Frameworks */,
				FBEC080124D544890044474C /* Resources */,
				9D2D7FAB85F6156B467FD0C9 /* [CP] Embed Pods Frameworks */,
			);
			buildRules = (
			);
			dependencies = (
			);
			name = News;
			productName = News;
			productReference = FBEC080324D544890044474C /* News.app */;
			productType = "com.apple.product-type.application";
		};
/* End PBXNativeTarget section */

/* Begin PBXProject section */
		FBEC07FB24D544880044474C /* Project object */ = {
			isa = PBXProject;
			attributes = {
				LastSwiftUpdateCheck = 1150;
				LastUpgradeCheck = 1150;
				ORGANIZATIONNAME = "Hồ Sĩ Tuấn";
				TargetAttributes = {
					FBEC080224D544890044474C = {
						CreatedOnToolsVersion = 11.5;
					};
				};
			};
			buildConfigurationList = FBEC07FE24D544880044474C /* Build configuration list for PBXProject "News" */;
			compatibilityVersion = "Xcode 9.3";
			developmentRegion = en;
			hasScannedForEncodings = 0;
			knownRegions = (
				en,
				Base,
			);
			mainGroup = FBEC07FA24D544880044474C;
			productRefGroup = FBEC080424D544890044474C /* Products */;
			projectDirPath = "";
			projectRoot = "";
			targets = (
				FBEC080224D544890044474C /* News */,
			);
		};
/* End PBXProject section */

/* Begin PBXResourcesBuildPhase section */
		FBEC080124D544890044474C /* Resources */ = {
			isa = PBXResourcesBuildPhase;
			buildActionMask = 2147483647;
			files = (
				FBEC081324D5448C0044474C /* LaunchScreen.storyboard in Resources */,
				FBEC081024D5448C0044474C /* Assets.xcassets in Resources */,
				FBEC080E24D544890044474C /* Main.storyboard in Resources */,
			);
			runOnlyForDeploymentPostprocessing = 0;
		};
/* End PBXResourcesBuildPhase section */

/* Begin PBXShellScriptBuildPhase section */
		679DD406084D1F90E1B2755C /* [CP] Check Pods Manifest.lock */ = {
			isa = PBXShellScriptBuildPhase;
			buildActionMask = 2147483647;
			files = (
			);
			inputFileListPaths = (
			);
			inputPaths = (
				"${PODS_PODFILE_DIR_PATH}/Podfile.lock",
				"${PODS_ROOT}/Manifest.lock",
			);
			name = "[CP] Check Pods Manifest.lock";
			outputFileListPaths = (
			);
			outputPaths = (
				"$(DERIVED_FILE_DIR)/Pods-News-checkManifestLockResult.txt",
			);
			runOnlyForDeploymentPostprocessing = 0;
			shellPath = /bin/sh;
			shellScript = "diff \"${PODS_PODFILE_DIR_PATH}/Podfile.lock\" \"${PODS_ROOT}/Manifest.lock\" > /dev/null\nif [ $? != 0 ] ; then\n    # print error to STDERR\n    echo \"error: The sandbox is not in sync with the Podfile.lock. Run 'pod install' or update your CocoaPods installation.\" >&2\n    exit 1\nfi\n# This output is used by Xcode 'outputs' to avoid re-running this script phase.\necho \"SUCCESS\" > \"${SCRIPT_OUTPUT_FILE_0}\"\n";
			showEnvVarsInLog = 0;
		};
		9D2D7FAB85F6156B467FD0C9 /* [CP] Embed Pods Frameworks */ = {
			isa = PBXShellScriptBuildPhase;
			buildActionMask = 2147483647;
			files = (
			);
			inputFileListPaths = (
				"${PODS_ROOT}/Target Support Files/Pods-News/Pods-News-frameworks-${CONFIGURATION}-input-files.xcfilelist",
			);
			name = "[CP] Embed Pods Frameworks";
			outputFileListPaths = (
				"${PODS_ROOT}/Target Support Files/Pods-News/Pods-News-frameworks-${CONFIGURATION}-output-files.xcfilelist",
			);
			runOnlyForDeploymentPostprocessing = 0;
			shellPath = /bin/sh;
			shellScript = "\"${PODS_ROOT}/Target Support Files/Pods-News/Pods-News-frameworks.sh\"\n";
			showEnvVarsInLog = 0;
		};
/* End PBXShellScriptBuildPhase section */

/* Begin PBXSourcesBuildPhase section */
		FBEC07FF24D544890044474C /* Sources */ = {
			isa = PBXSourcesBuildPhase;
			buildActionMask = 2147483647;
			files = (
				FBDD85D324D74AF7003EABAA /* NewsDetailViewController.swift in Sources */,
				FBEC082E24D54A2C0044474C /* NewsManager.swift in Sources */,
				FB3A501D24D5819000FA698C /* CustomCollectionViewCell.swift in Sources */,
				FBEC081E24D5477C0044474C /* NewsData.swift in Sources */,
				FBEC083724D576600044474C /* HomeViewController.swift in Sources */,
				FBA3BB3624D854B3006A7445 /* UIColorExtension.swift in Sources */,
				FBEC080724D544890044474C /* AppDelegate.swift in Sources */,
				FBEC080924D544890044474C /* SceneDelegate.swift in Sources */,
				FB9C9C2A24D5E20500C26DC1 /* User.swift in Sources */,
			);
			runOnlyForDeploymentPostprocessing = 0;
		};
/* End PBXSourcesBuildPhase section */

/* Begin PBXVariantGroup section */
		FBEC080C24D544890044474C /* Main.storyboard */ = {
			isa = PBXVariantGroup;
			children = (
				FBEC080D24D544890044474C /* Base */,
			);
			name = Main.storyboard;
			sourceTree = "<group>";
		};
		FBEC081124D5448C0044474C /* LaunchScreen.storyboard */ = {
			isa = PBXVariantGroup;
			children = (
				FBEC081224D5448C0044474C /* Base */,
			);
			name = LaunchScreen.storyboard;
			sourceTree = "<group>";
		};
/* End PBXVariantGroup section */

/* Begin XCBuildConfiguration section */
		FBEC081524D5448C0044474C /* Debug */ = {
			isa = XCBuildConfiguration;
			buildSettings = {
				ALWAYS_SEARCH_USER_PATHS = NO;
				CLANG_ANALYZER_NONNULL = YES;
				CLANG_ANALYZER_NUMBER_OBJECT_CONVERSION = YES_AGGRESSIVE;
				CLANG_CXX_LANGUAGE_STANDARD = "gnu++14";
				CLANG_CXX_LIBRARY = "libc++";
				CLANG_ENABLE_MODULES = YES;
				CLANG_ENABLE_OBJC_ARC = YES;
				CLANG_ENABLE_OBJC_WEAK = YES;
				CLANG_WARN_BLOCK_CAPTURE_AUTORELEASING = YES;
				CLANG_WARN_BOOL_CONVERSION = YES;
				CLANG_WARN_COMMA = YES;
				CLANG_WARN_CONSTANT_CONVERSION = YES;
				CLANG_WARN_DEPRECATED_OBJC_IMPLEMENTATIONS = YES;
				CLANG_WARN_DIRECT_OBJC_ISA_USAGE = YES_ERROR;
				CLANG_WARN_DOCUMENTATION_COMMENTS = YES;
				CLANG_WARN_EMPTY_BODY = YES;
				CLANG_WARN_ENUM_CONVERSION = YES;
				CLANG_WARN_INFINITE_RECURSION = YES;
				CLANG_WARN_INT_CONVERSION = YES;
				CLANG_WARN_NON_LITERAL_NULL_CONVERSION = YES;
				CLANG_WARN_OBJC_IMPLICIT_RETAIN_SELF = YES;
				CLANG_WARN_OBJC_LITERAL_CONVERSION = YES;
				CLANG_WARN_OBJC_ROOT_CLASS = YES_ERROR;
				CLANG_WARN_RANGE_LOOP_ANALYSIS = YES;
				CLANG_WARN_STRICT_PROTOTYPES = YES;
				CLANG_WARN_SUSPICIOUS_MOVE = YES;
				CLANG_WARN_UNGUARDED_AVAILABILITY = YES_AGGRESSIVE;
				CLANG_WARN_UNREACHABLE_CODE = YES;
				CLANG_WARN__DUPLICATE_METHOD_MATCH = YES;
				COPY_PHASE_STRIP = NO;
				DEBUG_INFORMATION_FORMAT = dwarf;
				ENABLE_STRICT_OBJC_MSGSEND = YES;
				ENABLE_TESTABILITY = YES;
				GCC_C_LANGUAGE_STANDARD = gnu11;
				GCC_DYNAMIC_NO_PIC = NO;
				GCC_NO_COMMON_BLOCKS = YES;
				GCC_OPTIMIZATION_LEVEL = 0;
				GCC_PREPROCESSOR_DEFINITIONS = (
					"DEBUG=1",
					"$(inherited)",
				);
				GCC_WARN_64_TO_32_BIT_CONVERSION = YES;
				GCC_WARN_ABOUT_RETURN_TYPE = YES_ERROR;
				GCC_WARN_UNDECLARED_SELECTOR = YES;
				GCC_WARN_UNINITIALIZED_AUTOS = YES_AGGRESSIVE;
				GCC_WARN_UNUSED_FUNCTION = YES;
				GCC_WARN_UNUSED_VARIABLE = YES;
				IPHONEOS_DEPLOYMENT_TARGET = 13.5;
				MTL_ENABLE_DEBUG_INFO = INCLUDE_SOURCE;
				MTL_FAST_MATH = YES;
				ONLY_ACTIVE_ARCH = YES;
				SDKROOT = iphoneos;
				SWIFT_ACTIVE_COMPILATION_CONDITIONS = DEBUG;
				SWIFT_OPTIMIZATION_LEVEL = "-Onone";
			};
			name = Debug;
		};
		FBEC081624D5448C0044474C /* Release */ = {
			isa = XCBuildConfiguration;
			buildSettings = {
				ALWAYS_SEARCH_USER_PATHS = NO;
				CLANG_ANALYZER_NONNULL = YES;
				CLANG_ANALYZER_NUMBER_OBJECT_CONVERSION = YES_AGGRESSIVE;
				CLANG_CXX_LANGUAGE_STANDARD = "gnu++14";
				CLANG_CXX_LIBRARY = "libc++";
				CLANG_ENABLE_MODULES = YES;
				CLANG_ENABLE_OBJC_ARC = YES;
				CLANG_ENABLE_OBJC_WEAK = YES;
				CLANG_WARN_BLOCK_CAPTURE_AUTORELEASING = YES;
				CLANG_WARN_BOOL_CONVERSION = YES;
				CLANG_WARN_COMMA = YES;
				CLANG_WARN_CONSTANT_CONVERSION = YES;
				CLANG_WARN_DEPRECATED_OBJC_IMPLEMENTATIONS = YES;
				CLANG_WARN_DIRECT_OBJC_ISA_USAGE = YES_ERROR;
				CLANG_WARN_DOCUMENTATION_COMMENTS = YES;
				CLANG_WARN_EMPTY_BODY = YES;
				CLANG_WARN_ENUM_CONVERSION = YES;
				CLANG_WARN_INFINITE_RECURSION = YES;
				CLANG_WARN_INT_CONVERSION = YES;
				CLANG_WARN_NON_LITERAL_NULL_CONVERSION = YES;
				CLANG_WARN_OBJC_IMPLICIT_RETAIN_SELF = YES;
				CLANG_WARN_OBJC_LITERAL_CONVERSION = YES;
				CLANG_WARN_OBJC_ROOT_CLASS = YES_ERROR;
				CLANG_WARN_RANGE_LOOP_ANALYSIS = YES;
				CLANG_WARN_STRICT_PROTOTYPES = YES;
				CLANG_WARN_SUSPICIOUS_MOVE = YES;
				CLANG_WARN_UNGUARDED_AVAILABILITY = YES_AGGRESSIVE;
				CLANG_WARN_UNREACHABLE_CODE = YES;
				CLANG_WARN__DUPLICATE_METHOD_MATCH = YES;
				COPY_PHASE_STRIP = NO;
				DEBUG_INFORMATION_FORMAT = "dwarf-with-dsym";
				ENABLE_NS_ASSERTIONS = NO;
				ENABLE_STRICT_OBJC_MSGSEND = YES;
				GCC_C_LANGUAGE_STANDARD = gnu11;
				GCC_NO_COMMON_BLOCKS = YES;
				GCC_WARN_64_TO_32_BIT_CONVERSION = YES;
				GCC_WARN_ABOUT_RETURN_TYPE = YES_ERROR;
				GCC_WARN_UNDECLARED_SELECTOR = YES;
				GCC_WARN_UNINITIALIZED_AUTOS = YES_AGGRESSIVE;
				GCC_WARN_UNUSED_FUNCTION = YES;
				GCC_WARN_UNUSED_VARIABLE = YES;
				IPHONEOS_DEPLOYMENT_TARGET = 13.5;
				MTL_ENABLE_DEBUG_INFO = NO;
				MTL_FAST_MATH = YES;
				SDKROOT = iphoneos;
				SWIFT_COMPILATION_MODE = wholemodule;
				SWIFT_OPTIMIZATION_LEVEL = "-O";
				VALIDATE_PRODUCT = YES;
			};
			name = Release;
		};
		FBEC081824D5448C0044474C /* Debug */ = {
			isa = XCBuildConfiguration;
			baseConfigurationReference = 20770C57C0EAE22861E01DA3 /* Pods-News.debug.xcconfig */;
			buildSettings = {
				ASSETCATALOG_COMPILER_APPICON_NAME = AppIcon;
				CODE_SIGN_STYLE = Automatic;
				DEVELOPMENT_TEAM = S423MR2Z88;
				INFOPLIST_FILE = News/Info.plist;
				IPHONEOS_DEPLOYMENT_TARGET = 13.0;
				LD_RUNPATH_SEARCH_PATHS = (
					"$(inherited)",
					"@executable_path/Frameworks",
				);
				PRODUCT_BUNDLE_IDENTIFIER = hosituan.work.News;
				PRODUCT_NAME = "$(TARGET_NAME)";
				SWIFT_VERSION = 5.0;
				TARGETED_DEVICE_FAMILY = "1,2";
			};
			name = Debug;
		};
		FBEC081924D5448C0044474C /* Release */ = {
			isa = XCBuildConfiguration;
			baseConfigurationReference = D81AA75E320301BD84AABC53 /* Pods-News.release.xcconfig */;
			buildSettings = {
				ASSETCATALOG_COMPILER_APPICON_NAME = AppIcon;
				CODE_SIGN_STYLE = Automatic;
				DEVELOPMENT_TEAM = S423MR2Z88;
				INFOPLIST_FILE = News/Info.plist;
				IPHONEOS_DEPLOYMENT_TARGET = 13.0;
				LD_RUNPATH_SEARCH_PATHS = (
					"$(inherited)",
					"@executable_path/Frameworks",
				);
				PRODUCT_BUNDLE_IDENTIFIER = hosituan.work.News;
				PRODUCT_NAME = "$(TARGET_NAME)";
				SWIFT_VERSION = 5.0;
				TARGETED_DEVICE_FAMILY = "1,2";
			};
			name = Release;
		};
/* End XCBuildConfiguration section */

/* Begin XCConfigurationList section */
		FBEC07FE24D544880044474C /* Build configuration list for PBXProject "News" */ = {
			isa = XCConfigurationList;
			buildConfigurations = (
				FBEC081524D5448C0044474C /* Debug */,
				FBEC081624D5448C0044474C /* Release */,
			);
			defaultConfigurationIsVisible = 0;
			defaultConfigurationName = Release;
		};
		FBEC081724D5448C0044474C /* Build configuration list for PBXNativeTarget "News" */ = {
			isa = XCConfigurationList;
			buildConfigurations = (
				FBEC081824D5448C0044474C /* Debug */,
				FBEC081924D5448C0044474C /* Release */,
			);
			defaultConfigurationIsVisible = 0;
			defaultConfigurationName = Release;
		};
/* End XCConfigurationList section */
	};
	rootObject = FBEC07FB24D544880044474C /* Project object */;
}
